
Microsoft Visual Studio Solution File, Format Version 12.00
# Visual Studio Version 17
VisualStudioVersion = 17.5.33318.248
MinimumVisualStudioVersion = 10.0.40219.1
Project("{FAE04EC0-301F-11D3-BF4B-00C04F79EFBC}") = "OutboxPatternAPI", "OutboxPatternAPI.csproj", "{90ACE9B1-B9BC-4843-B212-E8B5350671E8}"
EndProject
Global
	GlobalSection(SolutionConfigurationPlatforms) = preSolution
		Debug|Any CPU = Debug|Any CPU
		Release|Any CPU = Release|Any CPU
	EndGlobalSection
	GlobalSection(ProjectConfigurationPlatforms) = postSolution
		{90ACE9B1-B9BC-4843-B212-E8B5350671E8}.Debug|Any CPU.ActiveCfg = Debug|Any CPU
		{90ACE9B1-B9BC-4843-B212-E8B5350671E8}.Debug|Any CPU.Build.0 = Debug|Any CPU
		{90ACE9B1-B9BC-4843-B212-E8B5350671E8}.Release|Any CPU.ActiveCfg = Release|Any CPU
		{90ACE9B1-B9BC-4843-B212-E8B5350671E8}.Release|Any CPU.Build.0 = Release|Any CPU
	EndGlobalSection
	GlobalSection(SolutionProperties) = preSolution
		HideSolutionNode = FALSE
	EndGlobalSection
	GlobalSection(ExtensibilityGlobals) = postSolution
		SolutionGuid = {105CD8F5-72E6-4E82-AE4E-033BAE85EFD4}
	EndGlobalSection
EndGlobal
